
Microsoft Visual Studio Solution File, Format Version 12.00
# Visual Studio 15
Project("{FAE04EC0-301F-11D3-BF4B-00C04F79EFBC}") = "MAXCIE", "MAXCIE.csproj", "{EB4A7CE7-E734-4DE9-20B7-5743C5977293}"
EndProject
Project("{FAE04EC0-301F-11D3-BF4B-00C04F79EFBC}") = "MAXCIE.Editor", "MAXCIE.Editor.csproj", "{31A5128F-BCE0-EDBF-1EFD-970FCF214B7A}"
EndProject
Global
	GlobalSection(SolutionConfigurationPlatforms) = preSolution
		Debug|Any CPU = Debug|Any CPU
		Release|Any CPU = Release|Any CPU
	EndGlobalSection
	GlobalSection(ProjectConfigurationPlatforms) = postSolution
		{EB4A7CE7-E734-4DE9-20B7-5743C5977293}.Debug|Any CPU.ActiveCfg = Debug|Any CPU
		{EB4A7CE7-E734-4DE9-20B7-5743C5977293}.Debug|Any CPU.Build.0 = Debug|Any CPU
		{EB4A7CE7-E734-4DE9-20B7-5743C5977293}.Release|Any CPU.ActiveCfg = Release|Any CPU
		{EB4A7CE7-E734-4DE9-20B7-5743C5977293}.Release|Any CPU.Build.0 = Release|Any CPU
		{31A5128F-BCE0-EDBF-1EFD-970FCF214B7A}.Debug|Any CPU.ActiveCfg = Debug|Any CPU
		{31A5128F-BCE0-EDBF-1EFD-970FCF214B7A}.Debug|Any CPU.Build.0 = Debug|Any CPU
		{31A5128F-BCE0-EDBF-1EFD-970FCF214B7A}.Release|Any CPU.ActiveCfg = Release|Any CPU
		{31A5128F-BCE0-EDBF-1EFD-970FCF214B7A}.Release|Any CPU.Build.0 = Release|Any CPU
	EndGlobalSection
	GlobalSection(SolutionProperties) = preSolution
		HideSolutionNode = FALSE
	EndGlobalSection
EndGlobal
